# This file is automatically @generated by Cargo.
# It is not intended for manual editing.
version = 3

[[package]]
name = "complex_numbers"
version = "0.1.0"
source = "git+https://github.com/MuhammedReza07/complex_numbers#fb2f7f40a3ba402cdbeba7735f8783d145460ce2"

[[package]]
name = "mandelbrot"
version = "0.1.0"
dependencies = [
 "complex_numbers",
]
