# This file is automatically @generated by Cargo.
# It is not intended for manual editing.
version = 3

[[package]]
name = "complex_numbers"
version = "0.1.0"
source = "git+https://github.com/MuhammedReza07/complex_numbers#2311f773f27c76fef6b689c119d1b9a89f8ecda2"

[[package]]
name = "mandelbrot"
version = "0.1.0"
dependencies = [
 "complex_numbers",
]
